
Microsoft Visual Studio Solution File, Format Version 12.00
# Visual Studio Version 16
VisualStudioVersion = 16.0.29424.173
MinimumVisualStudioVersion = 10.0.40219.1
Project("{FAE04EC0-301F-11D3-BF4B-00C04F79EFBC}") = "CSharpTestLogger", "CSharpTestLogger.csproj", "{794EEF83-8633-4888-8A2A-66231E8BFCD6}"
EndProject
Project("{FAE04EC0-301F-11D3-BF4B-00C04F79EFBC}") = "CSharpTestLoggers_Tests", "..\CSharpTestLoggers_Tests\CSharpTestLoggers_Tests.csproj", "{5EADBB4C-8363-4228-8D82-DD5D894E54C3}"
EndProject
Global
	GlobalSection(SolutionConfigurationPlatforms) = preSolution
		Debug|Any CPU = Debug|Any CPU
		Release|Any CPU = Release|Any CPU
	EndGlobalSection
	GlobalSection(ProjectConfigurationPlatforms) = postSolution
		{794EEF83-8633-4888-8A2A-66231E8BFCD6}.Debug|Any CPU.ActiveCfg = Debug|Any CPU
		{794EEF83-8633-4888-8A2A-66231E8BFCD6}.Debug|Any CPU.Build.0 = Debug|Any CPU
		{794EEF83-8633-4888-8A2A-66231E8BFCD6}.Release|Any CPU.ActiveCfg = Release|Any CPU
		{794EEF83-8633-4888-8A2A-66231E8BFCD6}.Release|Any CPU.Build.0 = Release|Any CPU
		{5EADBB4C-8363-4228-8D82-DD5D894E54C3}.Debug|Any CPU.ActiveCfg = Debug|Any CPU
		{5EADBB4C-8363-4228-8D82-DD5D894E54C3}.Debug|Any CPU.Build.0 = Debug|Any CPU
		{5EADBB4C-8363-4228-8D82-DD5D894E54C3}.Release|Any CPU.ActiveCfg = Release|Any CPU
		{5EADBB4C-8363-4228-8D82-DD5D894E54C3}.Release|Any CPU.Build.0 = Release|Any CPU
	EndGlobalSection
	GlobalSection(SolutionProperties) = preSolution
		HideSolutionNode = FALSE
	EndGlobalSection
	GlobalSection(ExtensibilityGlobals) = postSolution
		SolutionGuid = {3C6A37D2-E02C-4D0B-B008-9818109F2B5F}
	EndGlobalSection
EndGlobal
